// !$*UTF8*$!
{
	archiveVersion = 1;
	classes = {
	};
	objectVersion = 46;
	objects = {
/* Begin PBXBuildFile section */
		0207DA581B56EA530066E2B4 /* Images.xcassets in Resources */ = {isa = PBXBuildFile; fileRef = 0207DA571B56EA530066E2B4 /* Images.xcassets */; };
		1D3623260D0F684500981E51 /* AppDelegate.m in Sources */ = {isa = PBXBuildFile; fileRef = 1D3623250D0F684500981E51 /* AppDelegate.m */; };
		1D60589B0D05DD56006BFB54 /* main.m in Sources */ = {isa = PBXBuildFile; fileRef = 29B97316FDCFA39411CA2CEA /* main.m */; };
		301BF552109A68D80062928A /* libCordova.a in Frameworks */ = {isa = PBXBuildFile; fileRef = 301BF535109A57CC0062928A /* libCordova.a */; };
		302D95F114D2391D003F00A1 /* MainViewController.m in Sources */ = {isa = PBXBuildFile; fileRef = 302D95EF14D2391D003F00A1 /* MainViewController.m */; };
		302D95F214D2391D003F00A1 /* MainViewController.xib in Resources */ = {isa = PBXBuildFile; fileRef = 302D95F014D2391D003F00A1 /* MainViewController.xib */; };
		3047A5121AB8059700498E2A /* build-debug.xcconfig in Resources */ = {isa = PBXBuildFile; fileRef = 3047A50F1AB8059700498E2A /* build-debug.xcconfig */; };
		3047A5131AB8059700498E2A /* build-release.xcconfig in Resources */ = {isa = PBXBuildFile; fileRef = 3047A5101AB8059700498E2A /* build-release.xcconfig */; };
		3047A5141AB8059700498E2A /* build.xcconfig in Resources */ = {isa = PBXBuildFile; fileRef = 3047A5111AB8059700498E2A /* build.xcconfig */; };
		F27F0C5754CA42098FD0B171 /* AudioToolbox.framework in Frameworks */ = {isa = PBXBuildFile; fileRef = 81762D5B21014D3CBA2E1D0E /* AudioToolbox.framework */; settings = {ATTRIBUTES = (Weak, ); }; };
		3F5EF6108D2043A3848400B6 /* libc++.tbd in Frameworks */ = {isa = PBXBuildFile; fileRef = F3CA85D167E24A94BD7EA656 /* libc++.tbd */; };
		D0FB10D055BA4C5D935778FE /* libz.tbd in Frameworks */ = {isa = PBXBuildFile; fileRef = BB580F4804BB4D7A96B290D9 /* libz.tbd */; };
		9C1C402B81A34E8DACB84106 /* AddressBook.framework in Frameworks */ = {isa = PBXBuildFile; fileRef = 20BFADA55EE947B08A4D4EC5 /* AddressBook.framework */; };
		E148571D05A94E2F80BAEE69 /* libsqlite3.0.tbd in Frameworks */ = {isa = PBXBuildFile; fileRef = BE3FBA42D5E740ABA5D8F24C /* libsqlite3.0.tbd */; };
		D7B4B7E6CB414B6D897C1410 /* Security.framework in Frameworks */ = {isa = PBXBuildFile; fileRef = A141EA09070A4C4A9162CFC1 /* Security.framework */; };
		12FD9E7CF7EC41D594CD0B19 /* CoreLocation.framework in Frameworks */ = {isa = PBXBuildFile; fileRef = DC23CB3F07054506B7822F5B /* CoreLocation.framework */; };
		560E5627063E4973935505B0 /* CoreTelephony.framework in Frameworks */ = {isa = PBXBuildFile; fileRef = 3FE0B307092F4ACABB8947FA /* CoreTelephony.framework */; };
		175E0A57D8DA4D6F9AA44F58 /* CoreMotion.framework in Frameworks */ = {isa = PBXBuildFile; fileRef = AB35C655A1274D1186D0D400 /* CoreMotion.framework */; };
		4E17B11DE6AE44F6B97C0174 /* CoreBluetooth.framework in Frameworks */ = {isa = PBXBuildFile; fileRef = 3E3EF389A2584C06B05CE656 /* CoreBluetooth.framework */; };
		4A7A7DD295B7482992A3422B /* ExternalAccessory.framework in Frameworks */ = {isa = PBXBuildFile; fileRef = E7B02A9D594A4644A5759F3C /* ExternalAccessory.framework */; };
		F9028CF6BE7B466DA4BF2B23 /* AVFoundation.framework in Frameworks */ = {isa = PBXBuildFile; fileRef = 96045EBF72284EA1B7E29CB2 /* AVFoundation.framework */; };
		1FCB2C28C9B64F7991C0985C /* AdSupport.framework in Frameworks */ = {isa = PBXBuildFile; fileRef = 5BA76D1E790D45C9BD63D0BA /* AdSupport.framework */; };
		F4267038A6584775ACA0EE5E /* SystemConfiguration.framework in Frameworks */ = {isa = PBXBuildFile; fileRef = A49C3A1F4335468E8C09828F /* SystemConfiguration.framework */; };
		F080858FE0B642CEA6E84067 /* CDVDevice.m in Sources */ = {isa = PBXBuildFile; fileRef = E8E5E225385B458A8F1A6C26 /* CDVDevice.m */; };
		C0917CC9374E4170A4544A1C /* CDVNotification.m in Sources */ = {isa = PBXBuildFile; fileRef = D82D6990659B43E3BF502CDD /* CDVNotification.m */; };
		9392F05D97B14E4388C0CDCA /* CDVNotification.bundle in Resources */ = {isa = PBXBuildFile; fileRef = 8816663D61174BAB97036C69 /* CDVNotification.bundle */; };
		972C2B6DC12845A9828E3895 /* FCMPlugin.m in Sources */ = {isa = PBXBuildFile; fileRef = B559544A7B5542F9886AC49D /* FCMPlugin.m */; };
		3377E8A8F16B49E1A6AFA22B /* AppDelegate+FCMPlugin.m in Sources */ = {isa = PBXBuildFile; fileRef = 9D235BF962324760BC2092FF /* AppDelegate+FCMPlugin.m */; };
		BB23683DD187427D9FE98D53 /* FirebaseAnalytics.framework in Frameworks */ = {isa = PBXBuildFile; fileRef = BB54D23EABD74C2590E834E4 /* FirebaseAnalytics.framework */; };
		A51EDFFEFF3C458AB438A772 /* FirebaseInstanceID.framework in Frameworks */ = {isa = PBXBuildFile; fileRef = B88160980FC2425F80C89B5F /* FirebaseInstanceID.framework */; };
		A1616DDDD0C54503825A3B38 /* FirebaseMessaging.framework in Frameworks */ = {isa = PBXBuildFile; fileRef = AF9FB07845F742EC84870303 /* FirebaseMessaging.framework */; };
		2901CF9AB1D843EDBECB0C37 /* GoogleInterchangeUtilities.framework in Frameworks */ = {isa = PBXBuildFile; fileRef = AA2B2A01F16B4A11BE2712A7 /* GoogleInterchangeUtilities.framework */; };
		BEBA650D26894C5DB7DBB471 /* GoogleIPhoneUtilities.framework in Frameworks */ = {isa = PBXBuildFile; fileRef = 3728154953434ECD9E010651 /* GoogleIPhoneUtilities.framework */; };
		575239D9BC13466A8BBD64D0 /* GoogleSymbolUtilities.framework in Frameworks */ = {isa = PBXBuildFile; fileRef = A2D3EE5E05C347BDA40014C7 /* GoogleSymbolUtilities.framework */; };
		BDB69C9A99BD4CD3A9BF3EA0 /* GoogleUtilities.framework in Frameworks */ = {isa = PBXBuildFile; fileRef = EBD4BE0585024150BD4A02C3 /* GoogleUtilities.framework */; };
		3A10353488404847A932ABA5 /* CDVLocation.m in Sources */ = {isa = PBXBuildFile; fileRef = 959F508907F8468B810511AA /* CDVLocation.m */; };
		2B93D3C86E104BF1BCBC06AE /* PredictIOPlugin.m in Sources */ = {isa = PBXBuildFile; fileRef = 4180A6EFA57440FA92E9F1F0 /* PredictIOPlugin.m */; };
		10343B5F82FE439E92105724 /* libPredictIOSDK.a in Frameworks */ = {isa = PBXBuildFile; fileRef = C532C0B76A5A433D947CFB70 /* libPredictIOSDK.a */; };
		57E110A98CA14BA0BEE0E628 /* CDVSplashScreen.m in Sources */ = {isa = PBXBuildFile; fileRef = 74894AF79EF04531B41659D7 /* CDVSplashScreen.m */; };
		9A662647901E402CAE2FB2AA /* CDVViewController+SplashScreen.m in Sources */ = {isa = PBXBuildFile; fileRef = 04DAB0E73EBF49468C78E12A /* CDVViewController+SplashScreen.m */; };
		A82A5E56D0EB47729331B316 /* CDVStatusBar.m in Sources */ = {isa = PBXBuildFile; fileRef = CCE4527BFB914BEE8D847657 /* CDVStatusBar.m */; };
		3615A9BFB2E742CB86BBB26C /* SQLitePlugin.m in Sources */ = {isa = PBXBuildFile; fileRef = 03BA00C0C858400EAF719709 /* SQLitePlugin.m */; };
		F49CB783A858487AB007F496 /* sqlite3.c in Resources */ = {isa = PBXBuildFile; fileRef = F10A777550F84AFA89E80F57 /* sqlite3.c */; settings = {COMPILER_FLAGS = "-DSQLITE_TEMP_STORE=2 -DSQLITE_THREADSAFE=2 -DSQLITE_ENABLE_FTS3 -DSQLITE_ENABLE_FTS3_PARENTHESIS -DSQLITE_ENABLE_FTS4 -DSQLITE_ENABLE_COLUMN_METADATA -DSQLITE_ENABLE_RTREE -DSQLITE_LOCKING_STYLE=1 -DSQLITE_DEFAULT_PAGE_SIZE=1024 -DSQLITE_DEFAULT_CACHE_SIZE=2000 -DSQLITE_OMIT_BUILTIN_TEST -DSQLITE_OMIT_LOAD_EXTENSION"; }; };
/* End PBXBuildFile section */

/* Begin PBXContainerItemProxy section */
		301BF534109A57CC0062928A /* PBXContainerItemProxy */ = {
			isa = PBXContainerItemProxy;
			containerPortal = 301BF52D109A57CC0062928A /* CordovaLib.xcodeproj */;
			proxyType = 2;
			remoteGlobalIDString = D2AAC07E0554694100DB518D;
			remoteInfo = CordovaLib;
		};
		301BF550109A68C00062928A /* PBXContainerItemProxy */ = {
			isa = PBXContainerItemProxy;
			containerPortal = 301BF52D109A57CC0062928A /* CordovaLib.xcodeproj */;
			proxyType = 1;
			remoteGlobalIDString = D2AAC07D0554694100DB518D;
			remoteInfo = CordovaLib;
		};
/* End PBXContainerItemProxy section */

/* Begin PBXFileReference section */
		0207DA571B56EA530066E2B4 /* Images.xcassets */ = {isa = PBXFileReference; lastKnownFileType = folder.assetcatalog; name = Images.xcassets; path = "ExampleCordova/Images.xcassets"; sourceTree = SOURCE_ROOT; };
		1D3623240D0F684500981E51 /* AppDelegate.h */ = {isa = PBXFileReference; fileEncoding = 4; lastKnownFileType = sourcecode.c.h; path = AppDelegate.h; sourceTree = "<group>"; };
		1D3623250D0F684500981E51 /* AppDelegate.m */ = {isa = PBXFileReference; fileEncoding = 4; lastKnownFileType = sourcecode.c.objc; path = AppDelegate.m; sourceTree = "<group>"; };
		1D6058910D05DD3D006BFB54 /* ExampleCordova.app */ = {isa = PBXFileReference; explicitFileType = wrapper.application; includeInIndex = 0; path = "ExampleCordova.app"; sourceTree = BUILT_PRODUCTS_DIR; };
		29B97316FDCFA39411CA2CEA /* main.m */ = {isa = PBXFileReference; fileEncoding = 4; lastKnownFileType = sourcecode.c.objc; path = main.m; sourceTree = "<group>"; };
		301BF52D109A57CC0062928A /* CordovaLib.xcodeproj */ = {isa = PBXFileReference; lastKnownFileType = "wrapper.pb-project"; name = CordovaLib.xcodeproj; path = CordovaLib/CordovaLib.xcodeproj; sourceTree = "<group>"; };
		301BF56E109A69640062928A /* www */ = {isa = PBXFileReference; lastKnownFileType = folder; path = www; sourceTree = SOURCE_ROOT; };
		302D95EE14D2391D003F00A1 /* MainViewController.h */ = {isa = PBXFileReference; fileEncoding = 4; lastKnownFileType = sourcecode.c.h; path = MainViewController.h; sourceTree = "<group>"; };
		302D95EF14D2391D003F00A1 /* MainViewController.m */ = {isa = PBXFileReference; fileEncoding = 4; lastKnownFileType = sourcecode.c.objc; path = MainViewController.m; sourceTree = "<group>"; };
		302D95F014D2391D003F00A1 /* MainViewController.xib */ = {isa = PBXFileReference; fileEncoding = 4; lastKnownFileType = file.xib; path = MainViewController.xib; sourceTree = "<group>"; };
		3047A50F1AB8059700498E2A /* build-debug.xcconfig */ = {isa = PBXFileReference; fileEncoding = 4; lastKnownFileType = text.xcconfig; name = "build-debug.xcconfig"; path = cordova/build-debug.xcconfig; sourceTree = SOURCE_ROOT; };
		3047A5101AB8059700498E2A /* build-release.xcconfig */ = {isa = PBXFileReference; fileEncoding = 4; lastKnownFileType = text.xcconfig; name = "build-release.xcconfig"; path = cordova/build-release.xcconfig; sourceTree = SOURCE_ROOT; };
		3047A5111AB8059700498E2A /* build.xcconfig */ = {isa = PBXFileReference; fileEncoding = 4; lastKnownFileType = text.xcconfig; name = build.xcconfig; path = cordova/build.xcconfig; sourceTree = SOURCE_ROOT; };
		32CA4F630368D1EE00C91783 /* ExampleCordova-Prefix.pch */ = {isa = PBXFileReference; fileEncoding = 4; lastKnownFileType = sourcecode.c.h; path = "ExampleCordova-Prefix.pch"; sourceTree = "<group>"; };
		8D1107310486CEB800E47090 /* ExampleCordova-Info.plist */ = {isa = PBXFileReference; fileEncoding = 4; lastKnownFileType = text.plist.xml; name = "ExampleCordova-Info.plist"; path = "ExampleCordova/ExampleCordova-Info.plist"; plistStructureDefinitionIdentifier = "com.apple.xcode.plist.structure-definition.iphone.info-plist"; sourceTree = SOURCE_ROOT; };
		EB87FDF31871DA8E0020F90C /* www */ = {isa = PBXFileReference; lastKnownFileType = folder; name = www; path = ../../www; sourceTree = "<group>"; };
		EB87FDF41871DAF40020F90C /* config.xml */ = {isa = PBXFileReference; lastKnownFileType = text.xml; name = config.xml; path = ../../config.xml; sourceTree = "<group>"; };
		F840E1F0165FE0F500CFE078 /* config.xml */ = {isa = PBXFileReference; lastKnownFileType = text.xml; name = config.xml; path = "ExampleCordova/config.xml"; sourceTree = "<group>"; };
		ED33DF2A687741AEAF9F8254 /* Bridging-Header.h */ = {isa = PBXFileReference; fileEncoding = 4; lastKnownFileType = sourcecode.c.h; name = "Bridging-Header.h"; path = "Bridging-Header.h"; sourceTree = "<group>"; };
		81762D5B21014D3CBA2E1D0E /* AudioToolbox.framework */ = {isa = PBXFileReference; name = "AudioToolbox.framework"; path = "System/Library/Frameworks/AudioToolbox.framework"; sourceTree = SDKROOT; fileEncoding = undefined; lastKnownFileType = wrapper.framework; explicitFileType = undefined; includeInIndex = 0; };
		F3CA85D167E24A94BD7EA656 /* libc++.tbd */ = {isa = PBXFileReference; name = "libc++.tbd"; path = "usr/lib/libc++.tbd"; sourceTree = SDKROOT; fileEncoding = undefined; lastKnownFileType = sourcecode.text-based-dylib-definition; explicitFileType = undefined; includeInIndex = 0; };
		BB580F4804BB4D7A96B290D9 /* libz.tbd */ = {isa = PBXFileReference; name = "libz.tbd"; path = "usr/lib/libz.tbd"; sourceTree = SDKROOT; fileEncoding = undefined; lastKnownFileType = sourcecode.text-based-dylib-definition; explicitFileType = undefined; includeInIndex = 0; };
		20BFADA55EE947B08A4D4EC5 /* AddressBook.framework */ = {isa = PBXFileReference; name = "AddressBook.framework"; path = "System/Library/Frameworks/AddressBook.framework"; sourceTree = SDKROOT; fileEncoding = undefined; lastKnownFileType = wrapper.framework; explicitFileType = undefined; includeInIndex = 0; };
		BE3FBA42D5E740ABA5D8F24C /* libsqlite3.0.tbd */ = {isa = PBXFileReference; name = "libsqlite3.0.tbd"; path = "usr/lib/libsqlite3.0.tbd"; sourceTree = SDKROOT; fileEncoding = undefined; lastKnownFileType = sourcecode.text-based-dylib-definition; explicitFileType = undefined; includeInIndex = 0; };
		A141EA09070A4C4A9162CFC1 /* Security.framework */ = {isa = PBXFileReference; name = "Security.framework"; path = "System/Library/Frameworks/Security.framework"; sourceTree = SDKROOT; fileEncoding = undefined; lastKnownFileType = wrapper.framework; explicitFileType = undefined; includeInIndex = 0; };
		DC23CB3F07054506B7822F5B /* CoreLocation.framework */ = {isa = PBXFileReference; name = "CoreLocation.framework"; path = "System/Library/Frameworks/CoreLocation.framework"; sourceTree = SDKROOT; fileEncoding = undefined; lastKnownFileType = wrapper.framework; explicitFileType = undefined; includeInIndex = 0; };
		3FE0B307092F4ACABB8947FA /* CoreTelephony.framework */ = {isa = PBXFileReference; name = "CoreTelephony.framework"; path = "System/Library/Frameworks/CoreTelephony.framework"; sourceTree = SDKROOT; fileEncoding = undefined; lastKnownFileType = wrapper.framework; explicitFileType = undefined; includeInIndex = 0; };
		AB35C655A1274D1186D0D400 /* CoreMotion.framework */ = {isa = PBXFileReference; name = "CoreMotion.framework"; path = "System/Library/Frameworks/CoreMotion.framework"; sourceTree = SDKROOT; fileEncoding = undefined; lastKnownFileType = wrapper.framework; explicitFileType = undefined; includeInIndex = 0; };
		3E3EF389A2584C06B05CE656 /* CoreBluetooth.framework */ = {isa = PBXFileReference; name = "CoreBluetooth.framework"; path = "System/Library/Frameworks/CoreBluetooth.framework"; sourceTree = SDKROOT; fileEncoding = undefined; lastKnownFileType = wrapper.framework; explicitFileType = undefined; includeInIndex = 0; };
		E7B02A9D594A4644A5759F3C /* ExternalAccessory.framework */ = {isa = PBXFileReference; name = "ExternalAccessory.framework"; path = "System/Library/Frameworks/ExternalAccessory.framework"; sourceTree = SDKROOT; fileEncoding = undefined; lastKnownFileType = wrapper.framework; explicitFileType = undefined; includeInIndex = 0; };
		96045EBF72284EA1B7E29CB2 /* AVFoundation.framework */ = {isa = PBXFileReference; name = "AVFoundation.framework"; path = "System/Library/Frameworks/AVFoundation.framework"; sourceTree = SDKROOT; fileEncoding = undefined; lastKnownFileType = wrapper.framework; explicitFileType = undefined; includeInIndex = 0; };
		5BA76D1E790D45C9BD63D0BA /* AdSupport.framework */ = {isa = PBXFileReference; name = "AdSupport.framework"; path = "System/Library/Frameworks/AdSupport.framework"; sourceTree = SDKROOT; fileEncoding = undefined; lastKnownFileType = wrapper.framework; explicitFileType = undefined; includeInIndex = 0; };
		A49C3A1F4335468E8C09828F /* SystemConfiguration.framework */ = {isa = PBXFileReference; name = "SystemConfiguration.framework"; path = "System/Library/Frameworks/SystemConfiguration.framework"; sourceTree = SDKROOT; fileEncoding = undefined; lastKnownFileType = wrapper.framework; explicitFileType = undefined; includeInIndex = 0; };
		E8E5E225385B458A8F1A6C26 /* CDVDevice.m */ = {isa = PBXFileReference; name = "CDVDevice.m"; path = "cordova-plugin-device/CDVDevice.m"; sourceTree = "<group>"; fileEncoding = 4; lastKnownFileType = sourcecode.c.objc; explicitFileType = undefined; includeInIndex = 0; };
		D8A37FA45D904836A2A288D6 /* CDVDevice.h */ = {isa = PBXFileReference; name = "CDVDevice.h"; path = "cordova-plugin-device/CDVDevice.h"; sourceTree = "<group>"; fileEncoding = 4; lastKnownFileType = sourcecode.c.h; explicitFileType = undefined; includeInIndex = 0; };
		D82D6990659B43E3BF502CDD /* CDVNotification.m */ = {isa = PBXFileReference; name = "CDVNotification.m"; path = "cordova-plugin-dialogs/CDVNotification.m"; sourceTree = "<group>"; fileEncoding = 4; lastKnownFileType = sourcecode.c.objc; explicitFileType = undefined; includeInIndex = 0; };
		65622B27F2C6491798CEDC35 /* CDVNotification.h */ = {isa = PBXFileReference; name = "CDVNotification.h"; path = "cordova-plugin-dialogs/CDVNotification.h"; sourceTree = "<group>"; fileEncoding = 4; lastKnownFileType = sourcecode.c.h; explicitFileType = undefined; includeInIndex = 0; };
		8816663D61174BAB97036C69 /* CDVNotification.bundle */ = {isa = PBXFileReference; name = "CDVNotification.bundle"; path = "CDVNotification.bundle"; sourceTree = "<group>"; fileEncoding = undefined; lastKnownFileType = wrapper.plug-in; explicitFileType = undefined; includeInIndex = 0; };
		B559544A7B5542F9886AC49D /* FCMPlugin.m */ = {isa = PBXFileReference; name = "FCMPlugin.m"; path = "cordova-plugin-fcm/FCMPlugin.m"; sourceTree = "<group>"; fileEncoding = 4; lastKnownFileType = sourcecode.c.objc; explicitFileType = undefined; includeInIndex = 0; };
		9D235BF962324760BC2092FF /* AppDelegate+FCMPlugin.m */ = {isa = PBXFileReference; name = "AppDelegate+FCMPlugin.m"; path = "cordova-plugin-fcm/AppDelegate+FCMPlugin.m"; sourceTree = "<group>"; fileEncoding = 4; lastKnownFileType = sourcecode.c.objc; explicitFileType = undefined; includeInIndex = 0; };
		134FF65E91514A7DABBE31D1 /* FCMPlugin.h */ = {isa = PBXFileReference; name = "FCMPlugin.h"; path = "cordova-plugin-fcm/FCMPlugin.h"; sourceTree = "<group>"; fileEncoding = 4; lastKnownFileType = sourcecode.c.h; explicitFileType = undefined; includeInIndex = 0; };
		DFE5EBED2A5B456BA17D4844 /* AppDelegate+FCMPlugin.h */ = {isa = PBXFileReference; name = "AppDelegate+FCMPlugin.h"; path = "cordova-plugin-fcm/AppDelegate+FCMPlugin.h"; sourceTree = "<group>"; fileEncoding = 4; lastKnownFileType = sourcecode.c.h; explicitFileType = undefined; includeInIndex = 0; };
		06D97FD73B464EE7B74E781C /* Firebase.h */ = {isa = PBXFileReference; name = "Firebase.h"; path = "cordova-plugin-fcm/Firebase.h"; sourceTree = "<group>"; fileEncoding = 4; lastKnownFileType = sourcecode.c.h; explicitFileType = undefined; includeInIndex = 0; };
		BB54D23EABD74C2590E834E4 /* FirebaseAnalytics.framework */ = {isa = PBXFileReference; name = "FirebaseAnalytics.framework"; path = "ExampleCordova/Plugins/cordova-plugin-fcm/FirebaseAnalytics.framework"; sourceTree = "<group>"; fileEncoding = undefined; lastKnownFileType = wrapper.framework; explicitFileType = undefined; includeInIndex = 0; };
		B88160980FC2425F80C89B5F /* FirebaseInstanceID.framework */ = {isa = PBXFileReference; name = "FirebaseInstanceID.framework"; path = "ExampleCordova/Plugins/cordova-plugin-fcm/FirebaseInstanceID.framework"; sourceTree = "<group>"; fileEncoding = undefined; lastKnownFileType = wrapper.framework; explicitFileType = undefined; includeInIndex = 0; };
		AF9FB07845F742EC84870303 /* FirebaseMessaging.framework */ = {isa = PBXFileReference; name = "FirebaseMessaging.framework"; path = "ExampleCordova/Plugins/cordova-plugin-fcm/FirebaseMessaging.framework"; sourceTree = "<group>"; fileEncoding = undefined; lastKnownFileType = wrapper.framework; explicitFileType = undefined; includeInIndex = 0; };
		AA2B2A01F16B4A11BE2712A7 /* GoogleInterchangeUtilities.framework */ = {isa = PBXFileReference; name = "GoogleInterchangeUtilities.framework"; path = "ExampleCordova/Plugins/cordova-plugin-fcm/GoogleInterchangeUtilities.framework"; sourceTree = "<group>"; fileEncoding = undefined; lastKnownFileType = wrapper.framework; explicitFileType = undefined; includeInIndex = 0; };
		3728154953434ECD9E010651 /* GoogleIPhoneUtilities.framework */ = {isa = PBXFileReference; name = "GoogleIPhoneUtilities.framework"; path = "ExampleCordova/Plugins/cordova-plugin-fcm/GoogleIPhoneUtilities.framework"; sourceTree = "<group>"; fileEncoding = undefined; lastKnownFileType = wrapper.framework; explicitFileType = undefined; includeInIndex = 0; };
		A2D3EE5E05C347BDA40014C7 /* GoogleSymbolUtilities.framework */ = {isa = PBXFileReference; name = "GoogleSymbolUtilities.framework"; path = "ExampleCordova/Plugins/cordova-plugin-fcm/GoogleSymbolUtilities.framework"; sourceTree = "<group>"; fileEncoding = undefined; lastKnownFileType = wrapper.framework; explicitFileType = undefined; includeInIndex = 0; };
		EBD4BE0585024150BD4A02C3 /* GoogleUtilities.framework */ = {isa = PBXFileReference; name = "GoogleUtilities.framework"; path = "ExampleCordova/Plugins/cordova-plugin-fcm/GoogleUtilities.framework"; sourceTree = "<group>"; fileEncoding = undefined; lastKnownFileType = wrapper.framework; explicitFileType = undefined; includeInIndex = 0; };
		959F508907F8468B810511AA /* CDVLocation.m */ = {isa = PBXFileReference; name = "CDVLocation.m"; path = "cordova-plugin-geolocation/CDVLocation.m"; sourceTree = "<group>"; fileEncoding = 4; lastKnownFileType = sourcecode.c.objc; explicitFileType = undefined; includeInIndex = 0; };
		1B2262F2CBD74148ACAF69BF /* CDVLocation.h */ = {isa = PBXFileReference; name = "CDVLocation.h"; path = "cordova-plugin-geolocation/CDVLocation.h"; sourceTree = "<group>"; fileEncoding = 4; lastKnownFileType = sourcecode.c.h; explicitFileType = undefined; includeInIndex = 0; };
		4180A6EFA57440FA92E9F1F0 /* PredictIOPlugin.m */ = {isa = PBXFileReference; name = "PredictIOPlugin.m"; path = "cordova-plugin-predict-io/PredictIOPlugin.m"; sourceTree = "<group>"; fileEncoding = 4; lastKnownFileType = sourcecode.c.objc; explicitFileType = undefined; includeInIndex = 0; };
		C532C0B76A5A433D947CFB70 /* libPredictIOSDK.a */ = {isa = PBXFileReference; name = "libPredictIOSDK.a"; path = "ExampleCordova/Plugins/cordova-plugin-predict-io/libPredictIOSDK.a"; sourceTree = "<group>"; fileEncoding = undefined; lastKnownFileType = archive.ar; explicitFileType = undefined; includeInIndex = 0; };
		E936E61DF33D4826AA36EB30 /* PredictIO.h */ = {isa = PBXFileReference; name = "PredictIO.h"; path = "cordova-plugin-predict-io/PredictIO.h"; sourceTree = "<group>"; fileEncoding = 4; lastKnownFileType = sourcecode.c.h; explicitFileType = undefined; includeInIndex = 0; };
		FD97FC04E5F84DC7AFAB070F /* PIOTripSegment.h */ = {isa = PBXFileReference; name = "PIOTripSegment.h"; path = "cordova-plugin-predict-io/PIOTripSegment.h"; sourceTree = "<group>"; fileEncoding = 4; lastKnownFileType = sourcecode.c.h; explicitFileType = undefined; includeInIndex = 0; };
		75D628E5BF6A439F98C849FE /* PredictIOPlugin.h */ = {isa = PBXFileReference; name = "PredictIOPlugin.h"; path = "cordova-plugin-predict-io/PredictIOPlugin.h"; sourceTree = "<group>"; fileEncoding = 4; lastKnownFileType = sourcecode.c.h; explicitFileType = undefined; includeInIndex = 0; };
		74894AF79EF04531B41659D7 /* CDVSplashScreen.m */ = {isa = PBXFileReference; name = "CDVSplashScreen.m"; path = "cordova-plugin-splashscreen/CDVSplashScreen.m"; sourceTree = "<group>"; fileEncoding = 4; lastKnownFileType = sourcecode.c.objc; explicitFileType = undefined; includeInIndex = 0; };
		04DAB0E73EBF49468C78E12A /* CDVViewController+SplashScreen.m */ = {isa = PBXFileReference; name = "CDVViewController+SplashScreen.m"; path = "cordova-plugin-splashscreen/CDVViewController+SplashScreen.m"; sourceTree = "<group>"; fileEncoding = 4; lastKnownFileType = sourcecode.c.objc; explicitFileType = undefined; includeInIndex = 0; };
		0F4AF5F8434348E49FF866EB /* CDVSplashScreen.h */ = {isa = PBXFileReference; name = "CDVSplashScreen.h"; path = "cordova-plugin-splashscreen/CDVSplashScreen.h"; sourceTree = "<group>"; fileEncoding = 4; lastKnownFileType = sourcecode.c.h; explicitFileType = undefined; includeInIndex = 0; };
		E9C9EED7454048A6A7C921C4 /* CDVViewController+SplashScreen.h */ = {isa = PBXFileReference; name = "CDVViewController+SplashScreen.h"; path = "cordova-plugin-splashscreen/CDVViewController+SplashScreen.h"; sourceTree = "<group>"; fileEncoding = 4; lastKnownFileType = sourcecode.c.h; explicitFileType = undefined; includeInIndex = 0; };
		CCE4527BFB914BEE8D847657 /* CDVStatusBar.m */ = {isa = PBXFileReference; name = "CDVStatusBar.m"; path = "cordova-plugin-statusbar/CDVStatusBar.m"; sourceTree = "<group>"; fileEncoding = 4; lastKnownFileType = sourcecode.c.objc; explicitFileType = undefined; includeInIndex = 0; };
		FB89AF87732C4FE8AFF0ECC7 /* CDVStatusBar.h */ = {isa = PBXFileReference; name = "CDVStatusBar.h"; path = "cordova-plugin-statusbar/CDVStatusBar.h"; sourceTree = "<group>"; fileEncoding = 4; lastKnownFileType = sourcecode.c.h; explicitFileType = undefined; includeInIndex = 0; };
		03BA00C0C858400EAF719709 /* SQLitePlugin.m */ = {isa = PBXFileReference; name = "SQLitePlugin.m"; path = "cordova-sqlite-storage/SQLitePlugin.m"; sourceTree = "<group>"; fileEncoding = 4; lastKnownFileType = sourcecode.c.objc; explicitFileType = undefined; includeInIndex = 0; };
		F10A777550F84AFA89E80F57 /* sqlite3.c */ = {isa = PBXFileReference; name = "sqlite3.c"; path = "cordova-sqlite-storage/sqlite3.c"; sourceTree = "<group>"; fileEncoding = undefined; lastKnownFileType = unknown; explicitFileType = undefined; includeInIndex = 0; };
		61E4595594314947874D8634 /* SQLitePlugin.h */ = {isa = PBXFileReference; name = "SQLitePlugin.h"; path = "cordova-sqlite-storage/SQLitePlugin.h"; sourceTree = "<group>"; fileEncoding = 4; lastKnownFileType = sourcecode.c.h; explicitFileType = undefined; includeInIndex = 0; };
		1210058E857843A6AC87F113 /* sqlite3.h */ = {isa = PBXFileReference; name = "sqlite3.h"; path = "cordova-sqlite-storage/sqlite3.h"; sourceTree = "<group>"; fileEncoding = 4; lastKnownFileType = sourcecode.c.h; explicitFileType = undefined; includeInIndex = 0; };
/* End PBXFileReference section */

/* Begin PBXFrameworksBuildPhase section */
		1D60588F0D05DD3D006BFB54 /* Frameworks */ = {
			isa = PBXFrameworksBuildPhase;
			buildActionMask = 2147483647;
			files = (
				301BF552109A68D80062928A /* libCordova.a in Frameworks */,
				F27F0C5754CA42098FD0B171 /* AudioToolbox.framework in Frameworks */,
				3F5EF6108D2043A3848400B6 /* libc++.tbd in Frameworks */,
				D0FB10D055BA4C5D935778FE /* libz.tbd in Frameworks */,
				9C1C402B81A34E8DACB84106 /* AddressBook.framework in Frameworks */,
				E148571D05A94E2F80BAEE69 /* libsqlite3.0.tbd in Frameworks */,
				D7B4B7E6CB414B6D897C1410 /* Security.framework in Frameworks */,
				12FD9E7CF7EC41D594CD0B19 /* CoreLocation.framework in Frameworks */,
				560E5627063E4973935505B0 /* CoreTelephony.framework in Frameworks */,
				175E0A57D8DA4D6F9AA44F58 /* CoreMotion.framework in Frameworks */,
				4E17B11DE6AE44F6B97C0174 /* CoreBluetooth.framework in Frameworks */,
				4A7A7DD295B7482992A3422B /* ExternalAccessory.framework in Frameworks */,
				F9028CF6BE7B466DA4BF2B23 /* AVFoundation.framework in Frameworks */,
				1FCB2C28C9B64F7991C0985C /* AdSupport.framework in Frameworks */,
				F4267038A6584775ACA0EE5E /* SystemConfiguration.framework in Frameworks */,
				BB23683DD187427D9FE98D53 /* FirebaseAnalytics.framework in Frameworks */,
				A51EDFFEFF3C458AB438A772 /* FirebaseInstanceID.framework in Frameworks */,
				A1616DDDD0C54503825A3B38 /* FirebaseMessaging.framework in Frameworks */,
				2901CF9AB1D843EDBECB0C37 /* GoogleInterchangeUtilities.framework in Frameworks */,
				BEBA650D26894C5DB7DBB471 /* GoogleIPhoneUtilities.framework in Frameworks */,
				575239D9BC13466A8BBD64D0 /* GoogleSymbolUtilities.framework in Frameworks */,
				BDB69C9A99BD4CD3A9BF3EA0 /* GoogleUtilities.framework in Frameworks */,
				10343B5F82FE439E92105724 /* libPredictIOSDK.a in Frameworks */,
			);
			runOnlyForDeploymentPostprocessing = 0;
		};
/* End PBXFrameworksBuildPhase section */

/* Begin PBXGroup section */
		080E96DDFE201D6D7F000001 /* Classes */ = {
			isa = PBXGroup;
			children = (
				302D95EE14D2391D003F00A1 /* MainViewController.h */,
				302D95EF14D2391D003F00A1 /* MainViewController.m */,
				302D95F014D2391D003F00A1 /* MainViewController.xib */,
				1D3623240D0F684500981E51 /* AppDelegate.h */,
				1D3623250D0F684500981E51 /* AppDelegate.m */,
			);
			name = Classes;
			path = "ExampleCordova/Classes";
			sourceTree = SOURCE_ROOT;
		};
		19C28FACFE9D520D11CA2CBB /* Products */ = {
			isa = PBXGroup;
			children = (
				1D6058910D05DD3D006BFB54 /* ExampleCordova.app */,
			);
			name = Products;
			sourceTree = "<group>";
		};
		29B97314FDCFA39411CA2CEA /* CustomTemplate */ = {
			isa = PBXGroup;
			children = (
				EB87FDF41871DAF40020F90C /* config.xml */,
				EB87FDF31871DA8E0020F90C /* www */,
				EB87FDF11871DA420020F90C /* Staging */,
				301BF52D109A57CC0062928A /* CordovaLib.xcodeproj */,
				080E96DDFE201D6D7F000001 /* Classes */,
				307C750510C5A3420062BCA9 /* Plugins */,
				29B97315FDCFA39411CA2CEA /* Other Sources */,
				29B97317FDCFA39411CA2CEA /* Resources */,
				29B97323FDCFA39411CA2CEA /* Frameworks */,
				19C28FACFE9D520D11CA2CBB /* Products */,
			);
			name = CustomTemplate;
			sourceTree = "<group>";
		};
		29B97315FDCFA39411CA2CEA /* Other Sources */ = {
			isa = PBXGroup;
			children = (
				32CA4F630368D1EE00C91783 /* ExampleCordova-Prefix.pch */,
				29B97316FDCFA39411CA2CEA /* main.m */,
				ED33DF2A687741AEAF9F8254 /* Bridging-Header.h */,
			);
			name = "Other Sources";
			path = "ExampleCordova";
			sourceTree = "<group>";
		};
		29B97317FDCFA39411CA2CEA /* Resources */ = {
			isa = PBXGroup;
			children = (
				0207DA571B56EA530066E2B4 /* Images.xcassets */,
				3047A50E1AB8057F00498E2A /* config */,
				8D1107310486CEB800E47090 /* ExampleCordova-Info.plist */,
				8816663D61174BAB97036C69 /* CDVNotification.bundle */,
			);
			name = Resources;
			path = "ExampleCordova/Resources";
			sourceTree = "<group>";
		};
		29B97323FDCFA39411CA2CEA /* Frameworks */ = {
			isa = PBXGroup;
			children = (
				81762D5B21014D3CBA2E1D0E /* AudioToolbox.framework */,
				F3CA85D167E24A94BD7EA656 /* libc++.tbd */,
				BB580F4804BB4D7A96B290D9 /* libz.tbd */,
				20BFADA55EE947B08A4D4EC5 /* AddressBook.framework */,
				BE3FBA42D5E740ABA5D8F24C /* libsqlite3.0.tbd */,
				A141EA09070A4C4A9162CFC1 /* Security.framework */,
				DC23CB3F07054506B7822F5B /* CoreLocation.framework */,
				3FE0B307092F4ACABB8947FA /* CoreTelephony.framework */,
				AB35C655A1274D1186D0D400 /* CoreMotion.framework */,
				3E3EF389A2584C06B05CE656 /* CoreBluetooth.framework */,
				E7B02A9D594A4644A5759F3C /* ExternalAccessory.framework */,
				96045EBF72284EA1B7E29CB2 /* AVFoundation.framework */,
				5BA76D1E790D45C9BD63D0BA /* AdSupport.framework */,
				A49C3A1F4335468E8C09828F /* SystemConfiguration.framework */,
				BB54D23EABD74C2590E834E4 /* FirebaseAnalytics.framework */,
				B88160980FC2425F80C89B5F /* FirebaseInstanceID.framework */,
				AF9FB07845F742EC84870303 /* FirebaseMessaging.framework */,
				AA2B2A01F16B4A11BE2712A7 /* GoogleInterchangeUtilities.framework */,
				3728154953434ECD9E010651 /* GoogleIPhoneUtilities.framework */,
				A2D3EE5E05C347BDA40014C7 /* GoogleSymbolUtilities.framework */,
				EBD4BE0585024150BD4A02C3 /* GoogleUtilities.framework */,
				C532C0B76A5A433D947CFB70 /* libPredictIOSDK.a */,
			);
			name = Frameworks;
			sourceTree = "<group>";
		};
		301BF52E109A57CC0062928A /* Products */ = {
			isa = PBXGroup;
			children = (
				301BF535109A57CC0062928A /* libCordova.a */,
			);
			name = Products;
			sourceTree = "<group>";
		};
		3047A50E1AB8057F00498E2A /* config */ = {
			isa = PBXGroup;
			children = (
				3047A50F1AB8059700498E2A /* build-debug.xcconfig */,
				3047A5101AB8059700498E2A /* build-release.xcconfig */,
				3047A5111AB8059700498E2A /* build.xcconfig */,
			);
			name = config;
			sourceTree = "<group>";
		};
		307C750510C5A3420062BCA9 /* Plugins */ = {
			isa = PBXGroup;
			children = (
				E8E5E225385B458A8F1A6C26 /* CDVDevice.m */,
				D8A37FA45D904836A2A288D6 /* CDVDevice.h */,
				D82D6990659B43E3BF502CDD /* CDVNotification.m */,
				65622B27F2C6491798CEDC35 /* CDVNotification.h */,
				B559544A7B5542F9886AC49D /* FCMPlugin.m */,
				9D235BF962324760BC2092FF /* AppDelegate+FCMPlugin.m */,
				134FF65E91514A7DABBE31D1 /* FCMPlugin.h */,
				DFE5EBED2A5B456BA17D4844 /* AppDelegate+FCMPlugin.h */,
				06D97FD73B464EE7B74E781C /* Firebase.h */,
				959F508907F8468B810511AA /* CDVLocation.m */,
				1B2262F2CBD74148ACAF69BF /* CDVLocation.h */,
				4180A6EFA57440FA92E9F1F0 /* PredictIOPlugin.m */,
				E936E61DF33D4826AA36EB30 /* PredictIO.h */,
				FD97FC04E5F84DC7AFAB070F /* PIOTripSegment.h */,
				75D628E5BF6A439F98C849FE /* PredictIOPlugin.h */,
				74894AF79EF04531B41659D7 /* CDVSplashScreen.m */,
				04DAB0E73EBF49468C78E12A /* CDVViewController+SplashScreen.m */,
				0F4AF5F8434348E49FF866EB /* CDVSplashScreen.h */,
				E9C9EED7454048A6A7C921C4 /* CDVViewController+SplashScreen.h */,
				CCE4527BFB914BEE8D847657 /* CDVStatusBar.m */,
				FB89AF87732C4FE8AFF0ECC7 /* CDVStatusBar.h */,
				03BA00C0C858400EAF719709 /* SQLitePlugin.m */,
				F10A777550F84AFA89E80F57 /* sqlite3.c */,
				61E4595594314947874D8634 /* SQLitePlugin.h */,
				1210058E857843A6AC87F113 /* sqlite3.h */,
			);
			name = Plugins;
			path = "ExampleCordova/Plugins";
			sourceTree = SOURCE_ROOT;
		};
		EB87FDF11871DA420020F90C /* Staging */ = {
			isa = PBXGroup;
			children = (
				F840E1F0165FE0F500CFE078 /* config.xml */,
				301BF56E109A69640062928A /* www */,
			);
			name = Staging;
			sourceTree = "<group>";
		};
/* End PBXGroup section */

/* Begin PBXNativeTarget section */
		1D6058900D05DD3D006BFB54 /* ExampleCordova */ = {
			isa = PBXNativeTarget;
			buildConfigurationList = 1D6058960D05DD3E006BFB54 /* Build configuration list for PBXNativeTarget "ExampleCordova" */;
			buildPhases = (
				304B58A110DAC018002A0835 /* Copy www directory */,
				1D60588D0D05DD3D006BFB54 /* Resources */,
				1D60588E0D05DD3D006BFB54 /* Sources */,
				1D60588F0D05DD3D006BFB54 /* Frameworks */,
			);
			buildRules = (
			);
			dependencies = (
				301BF551109A68C00062928A /* PBXTargetDependency */,
			);
			name = "ExampleCordova";
			productName = "ExampleCordova";
			productReference = 1D6058910D05DD3D006BFB54 /* ExampleCordova.app */;
			productType = "com.apple.product-type.application";
		};
/* End PBXNativeTarget section */

/* Begin PBXProject section */
		29B97313FDCFA39411CA2CEA /* Project object */ = {
			isa = PBXProject;
			attributes = {
				LastUpgradeCheck = 510;
			};
			buildConfigurationList = C01FCF4E08A954540054247B /* Build configuration list for PBXProject "__NON-CLI__" */;
			compatibilityVersion = "Xcode 3.2";
			developmentRegion = English;
			hasScannedForEncodings = 1;
			mainGroup = 29B97314FDCFA39411CA2CEA /* CustomTemplate */;
			projectDirPath = "";
			projectReferences = (
				{
					ProductGroup = 301BF52E109A57CC0062928A /* Products */;
					ProjectRef = 301BF52D109A57CC0062928A /* CordovaLib.xcodeproj */;
				},
			);
			projectRoot = "";
			targets = (
				1D6058900D05DD3D006BFB54 /* ExampleCordova */,
			);
		};
/* End PBXProject section */

/* Begin PBXReferenceProxy section */
		301BF535109A57CC0062928A /* libCordova.a */ = {
			isa = PBXReferenceProxy;
			fileType = archive.ar;
			path = libCordova.a;
			remoteRef = 301BF534109A57CC0062928A /* PBXContainerItemProxy */;
			sourceTree = BUILT_PRODUCTS_DIR;
		};
/* End PBXReferenceProxy section */

/* Begin PBXResourcesBuildPhase section */
		1D60588D0D05DD3D006BFB54 /* Resources */ = {
			isa = PBXResourcesBuildPhase;
			buildActionMask = 2147483647;
			files = (
				302D95F214D2391D003F00A1 /* MainViewController.xib in Resources */,
				0207DA581B56EA530066E2B4 /* Images.xcassets in Resources */,
				9392F05D97B14E4388C0CDCA /* CDVNotification.bundle in Resources */,
			);
			runOnlyForDeploymentPostprocessing = 0;
		};
/* End PBXResourcesBuildPhase section */

/* Begin PBXShellScriptBuildPhase section */
		304B58A110DAC018002A0835 /* Copy www directory */ = {
			isa = PBXShellScriptBuildPhase;
			buildActionMask = 2147483647;
			files = (
			);
			inputPaths = (
			);
			name = "Copy www directory";
			outputPaths = (
			);
			runOnlyForDeploymentPostprocessing = 0;
			shellPath = /bin/sh;
			shellScript = "NODEJS_PATH=/usr/local/bin; NVM_NODE_PATH=~/.nvm/versions/node/`nvm version 2>/dev/null`/bin; N_NODE_PATH=`find /usr/local/n/versions/node/* -maxdepth 0 -type d 2>/dev/null | tail -1`/bin; XCODE_NODE_PATH=`xcode-select --print-path`/usr/share/xcs/Node/bin; PATH=$NODEJS_PATH:$NVM_NODE_PATH:$N_NODE_PATH:$XCODE_NODE_PATH:$PATH && node cordova/lib/copy-www-build-step.js";
			showEnvVarsInLog = 0;
		};
/* End PBXShellScriptBuildPhase section */

/* Begin PBXSourcesBuildPhase section */
		1D60588E0D05DD3D006BFB54 /* Sources */ = {
			isa = PBXSourcesBuildPhase;
			buildActionMask = 2147483647;
			files = (
				1D60589B0D05DD56006BFB54 /* main.m in Sources */,
				1D3623260D0F684500981E51 /* AppDelegate.m in Sources */,
				302D95F114D2391D003F00A1 /* MainViewController.m in Sources */,
				F080858FE0B642CEA6E84067 /* CDVDevice.m in Sources */,
				C0917CC9374E4170A4544A1C /* CDVNotification.m in Sources */,
				972C2B6DC12845A9828E3895 /* FCMPlugin.m in Sources */,
				3377E8A8F16B49E1A6AFA22B /* AppDelegate+FCMPlugin.m in Sources */,
				3A10353488404847A932ABA5 /* CDVLocation.m in Sources */,
				2B93D3C86E104BF1BCBC06AE /* PredictIOPlugin.m in Sources */,
				57E110A98CA14BA0BEE0E628 /* CDVSplashScreen.m in Sources */,
				9A662647901E402CAE2FB2AA /* CDVViewController+SplashScreen.m in Sources */,
				A82A5E56D0EB47729331B316 /* CDVStatusBar.m in Sources */,
				3615A9BFB2E742CB86BBB26C /* SQLitePlugin.m in Sources */,
				F49CB783A858487AB007F496 /* sqlite3.c in Resources */,
			);
			runOnlyForDeploymentPostprocessing = 0;
		};
/* End PBXSourcesBuildPhase section */

/* Begin PBXTargetDependency section */
		301BF551109A68C00062928A /* PBXTargetDependency */ = {
			isa = PBXTargetDependency;
			name = CordovaLib;
			targetProxy = 301BF550109A68C00062928A /* PBXContainerItemProxy */;
		};
/* End PBXTargetDependency section */

/* Begin XCBuildConfiguration section */
		1D6058940D05DD3E006BFB54 /* Debug */ = {
			isa = XCBuildConfiguration;
			baseConfigurationReference = 3047A50F1AB8059700498E2A /* build-debug.xcconfig */;
			buildSettings = {
				ALWAYS_SEARCH_USER_PATHS = NO;
				ASSETCATALOG_COMPILER_APPICON_NAME = AppIcon;
				ASSETCATALOG_COMPILER_LAUNCHIMAGE_NAME = LaunchImage;
				CLANG_ENABLE_MODULES = YES;
				CLANG_ENABLE_OBJC_ARC = YES;
				COPY_PHASE_STRIP = NO;
				GCC_DYNAMIC_NO_PIC = NO;
				GCC_OPTIMIZATION_LEVEL = 0;
				GCC_PRECOMPILE_PREFIX_HEADER = YES;
				GCC_PREFIX_HEADER = "ExampleCordova/ExampleCordova-Prefix.pch";
				GCC_THUMB_SUPPORT = NO;
				GCC_VERSION = "";
				INFOPLIST_FILE = "ExampleCordova/ExampleCordova-Info.plist";
				LD_RUNPATH_SEARCH_PATHS = "@executable_path/Frameworks";
				PRODUCT_NAME = "ExampleCordova";
				FRAMEWORK_SEARCH_PATHS = (
					"$(inherited)",
					"\"ExampleCordova/Plugins/cordova-plugin-fcm\"",
					"\"ExampleCordova/Plugins/cordova-plugin-fcm\"",
					"\"ExampleCordova/Plugins/cordova-plugin-fcm\"",
					"\"ExampleCordova/Plugins/cordova-plugin-fcm\"",
					"\"ExampleCordova/Plugins/cordova-plugin-fcm\"",
					"\"ExampleCordova/Plugins/cordova-plugin-fcm\"",
					"\"ExampleCordova/Plugins/cordova-plugin-fcm\"",
					"\"ExampleCordova/Plugins/cordova-plugin-fcm\"",
					"\"ExampleCordova/Plugins/cordova-plugin-fcm\"",
					"\"ExampleCordova/Plugins/cordova-plugin-fcm\"",
					"\"ExampleCordova/Plugins/cordova-plugin-fcm\"",
					"\"ExampleCordova/Plugins/cordova-plugin-fcm\"",
					"\"ExampleCordova/Plugins/cordova-plugin-fcm\"",
					"\"ExampleCordova/Plugins/cordova-plugin-fcm\"",
				);
				LIBRARY_SEARCH_PATHS = (
					"$(inherited)",
					"\"$(SRCROOT)/ExampleCordova/Plugins/cordova-plugin-predict-io\"",
				);
			};
			name = Debug;
		};
		1D6058950D05DD3E006BFB54 /* Release */ = {
			isa = XCBuildConfiguration;
			baseConfigurationReference = 3047A5101AB8059700498E2A /* build-release.xcconfig */;
			buildSettings = {
				ALWAYS_SEARCH_USER_PATHS = NO;
				ASSETCATALOG_COMPILER_APPICON_NAME = AppIcon;
				ASSETCATALOG_COMPILER_LAUNCHIMAGE_NAME = LaunchImage;
				CLANG_ENABLE_MODULES = YES;
				CLANG_ENABLE_OBJC_ARC = YES;
				COPY_PHASE_STRIP = YES;
				GCC_PRECOMPILE_PREFIX_HEADER = YES;
				GCC_PREFIX_HEADER = "ExampleCordova/ExampleCordova-Prefix.pch";
				GCC_THUMB_SUPPORT = NO;
				GCC_VERSION = "";
				INFOPLIST_FILE = "ExampleCordova/ExampleCordova-Info.plist";
				PRODUCT_NAME = "ExampleCordova";
				FRAMEWORK_SEARCH_PATHS = (
					"$(inherited)",
					"\"ExampleCordova/Plugins/cordova-plugin-fcm\"",
					"\"ExampleCordova/Plugins/cordova-plugin-fcm\"",
					"\"ExampleCordova/Plugins/cordova-plugin-fcm\"",
					"\"ExampleCordova/Plugins/cordova-plugin-fcm\"",
					"\"ExampleCordova/Plugins/cordova-plugin-fcm\"",
					"\"ExampleCordova/Plugins/cordova-plugin-fcm\"",
					"\"ExampleCordova/Plugins/cordova-plugin-fcm\"",
					"\"ExampleCordova/Plugins/cordova-plugin-fcm\"",
					"\"ExampleCordova/Plugins/cordova-plugin-fcm\"",
					"\"ExampleCordova/Plugins/cordova-plugin-fcm\"",
					"\"ExampleCordova/Plugins/cordova-plugin-fcm\"",
					"\"ExampleCordova/Plugins/cordova-plugin-fcm\"",
					"\"ExampleCordova/Plugins/cordova-plugin-fcm\"",
					"\"ExampleCordova/Plugins/cordova-plugin-fcm\"",
				);
				LIBRARY_SEARCH_PATHS = (
					"$(inherited)",
					"\"$(SRCROOT)/ExampleCordova/Plugins/cordova-plugin-predict-io\"",
				);
			};
			name = Release;
		};
		C01FCF4F08A954540054247B /* Debug */ = {
			isa = XCBuildConfiguration;
			baseConfigurationReference = 3047A5111AB8059700498E2A /* build.xcconfig */;
			buildSettings = {
				CLANG_ENABLE_MODULES = YES;
				CLANG_ENABLE_OBJC_ARC = YES;
				CLANG_WARN_BOOL_CONVERSION = YES;
				CLANG_WARN_CONSTANT_CONVERSION = YES;
				CLANG_WARN_EMPTY_BODY = YES;
				CLANG_WARN_ENUM_CONVERSION = YES;
				CLANG_WARN_INT_CONVERSION = YES;
				CLANG_WARN__DUPLICATE_METHOD_MATCH = YES;
				GCC_C_LANGUAGE_STANDARD = c99;
				GCC_THUMB_SUPPORT = NO;
				GCC_VERSION = "";
				GCC_WARN_ABOUT_RETURN_TYPE = YES;
				GCC_WARN_UNDECLARED_SELECTOR = YES;
				GCC_WARN_UNINITIALIZED_AUTOS = YES;
				GCC_WARN_UNUSED_FUNCTION = YES;
				GCC_WARN_UNUSED_VARIABLE = YES;
				ONLY_ACTIVE_ARCH = YES;
				SDKROOT = iphoneos;
				SKIP_INSTALL = NO;
			};
			name = Debug;
		};
		C01FCF5008A954540054247B /* Release */ = {
			isa = XCBuildConfiguration;
			baseConfigurationReference = 3047A5111AB8059700498E2A /* build.xcconfig */;
			buildSettings = {
				CLANG_ENABLE_MODULES = YES;
				CLANG_ENABLE_OBJC_ARC = YES;
				CLANG_WARN_BOOL_CONVERSION = YES;
				CLANG_WARN_CONSTANT_CONVERSION = YES;
				CLANG_WARN_EMPTY_BODY = YES;
				CLANG_WARN_ENUM_CONVERSION = YES;
				CLANG_WARN_INT_CONVERSION = YES;
				CLANG_WARN__DUPLICATE_METHOD_MATCH = YES;
				GCC_C_LANGUAGE_STANDARD = c99;
				GCC_THUMB_SUPPORT = NO;
				GCC_VERSION = "";
				GCC_WARN_ABOUT_RETURN_TYPE = YES;
				GCC_WARN_UNDECLARED_SELECTOR = YES;
				GCC_WARN_UNINITIALIZED_AUTOS = YES;
				GCC_WARN_UNUSED_FUNCTION = YES;
				GCC_WARN_UNUSED_VARIABLE = YES;
				SDKROOT = iphoneos;
				SKIP_INSTALL = NO;
			};
			name = Release;
		};
/* End XCBuildConfiguration section */

/* Begin XCConfigurationList section */
		1D6058960D05DD3E006BFB54 /* Build configuration list for PBXNativeTarget "ExampleCordova" */ = {
			isa = XCConfigurationList;
			buildConfigurations = (
				1D6058940D05DD3E006BFB54 /* Debug */,
				1D6058950D05DD3E006BFB54 /* Release */,
			);
			defaultConfigurationIsVisible = 0;
			defaultConfigurationName = Release;
		};
		C01FCF4E08A954540054247B /* Build configuration list for PBXProject "__NON-CLI__" */ = {
			isa = XCConfigurationList;
			buildConfigurations = (
				C01FCF4F08A954540054247B /* Debug */,
				C01FCF5008A954540054247B /* Release */,
			);
			defaultConfigurationIsVisible = 0;
			defaultConfigurationName = Release;
		};
/* End XCConfigurationList section */
	};
	rootObject = 29B97313FDCFA39411CA2CEA /* Project object */;
}
